
Microsoft Visual Studio Solution File, Format Version 12.00
# Visual Studio Version 17
VisualStudioVersion = 17.9.34714.143
MinimumVisualStudioVersion = 10.0.40219.1
Project("{9A19103F-16F7-4668-BE54-9A1E7A4F7556}") = "Exercise01", "Exercise01\Exercise01.csproj", "{BA4ED679-2E80-4397-9E68-407BBC178F91}"
EndProject
Global
	GlobalSection(SolutionConfigurationPlatforms) = preSolution
		Debug|Any CPU = Debug|Any CPU
		Release|Any CPU = Release|Any CPU
	EndGlobalSection
	GlobalSection(ProjectConfigurationPlatforms) = postSolution
		{BA4ED679-2E80-4397-9E68-407BBC178F91}.Debug|Any CPU.ActiveCfg = Debug|Any CPU
		{BA4ED679-2E80-4397-9E68-407BBC178F91}.Debug|Any CPU.Build.0 = Debug|Any CPU
		{BA4ED679-2E80-4397-9E68-407BBC178F91}.Release|Any CPU.ActiveCfg = Release|Any CPU
		{BA4ED679-2E80-4397-9E68-407BBC178F91}.Release|Any CPU.Build.0 = Release|Any CPU
	EndGlobalSection
	GlobalSection(SolutionProperties) = preSolution
		HideSolutionNode = FALSE
	EndGlobalSection
	GlobalSection(ExtensibilityGlobals) = postSolution
		SolutionGuid = {54C26979-0DE0-42C7-84AB-3BCE6EBAEAED}
	EndGlobalSection
EndGlobal
